
Microsoft Visual Studio Solution File, Format Version 12.00
# Visual Studio Version 17
VisualStudioVersion = 17.3.32929.385
MinimumVisualStudioVersion = 10.0.40219.1
Project("{9A19103F-16F7-4668-BE54-9A1E7A4F7556}") = "EFCoreDbFirst", "EFCoreDbFirst\EFCoreDbFirst.csproj", "{F7547BAF-C8A6-4189-8233-F36248802C0F}"
EndProject
Project("{9A19103F-16F7-4668-BE54-9A1E7A4F7556}") = "EFCoreLinqSorgulari", "EFCoreLinqSorgulari\EFCoreLinqSorgulari.csproj", "{F8E686AC-7652-44CE-A126-80A181ACD9D5}"
EndProject
Project("{9A19103F-16F7-4668-BE54-9A1E7A4F7556}") = "EFCoreCodeFirst", "EFCoreCodeFirst\EFCoreCodeFirst.csproj", "{C2E4B3A6-BFED-44AC-AD8B-27479FB47FCA}"
EndProject
Project("{9A19103F-16F7-4668-BE54-9A1E7A4F7556}") = "ReceteCodeFirst", "ReceteCodeFirst\ReceteCodeFirst.csproj", "{CE4A15A9-4179-4046-A291-4F606EE12B9D}"
EndProject
Project("{9A19103F-16F7-4668-BE54-9A1E7A4F7556}") = "ReceteZ", "ReceteZ\ReceteZ.csproj", "{9A0AFB0C-C825-4E20-BEC4-C2B92AA886B4}"
EndProject
Project("{FAE04EC0-301F-11D3-BF4B-00C04F79EFBC}") = "ReceteSB", "ReceteSB\ReceteSB.csproj", "{E7CA15C4-4AEE-449D-ACD8-D0A6F47BE0CB}"
EndProject
Global
	GlobalSection(SolutionConfigurationPlatforms) = preSolution
		Debug|Any CPU = Debug|Any CPU
		Release|Any CPU = Release|Any CPU
	EndGlobalSection
	GlobalSection(ProjectConfigurationPlatforms) = postSolution
		{F7547BAF-C8A6-4189-8233-F36248802C0F}.Debug|Any CPU.ActiveCfg = Debug|Any CPU
		{F7547BAF-C8A6-4189-8233-F36248802C0F}.Debug|Any CPU.Build.0 = Debug|Any CPU
		{F7547BAF-C8A6-4189-8233-F36248802C0F}.Release|Any CPU.ActiveCfg = Release|Any CPU
		{F7547BAF-C8A6-4189-8233-F36248802C0F}.Release|Any CPU.Build.0 = Release|Any CPU
		{F8E686AC-7652-44CE-A126-80A181ACD9D5}.Debug|Any CPU.ActiveCfg = Debug|Any CPU
		{F8E686AC-7652-44CE-A126-80A181ACD9D5}.Debug|Any CPU.Build.0 = Debug|Any CPU
		{F8E686AC-7652-44CE-A126-80A181ACD9D5}.Release|Any CPU.ActiveCfg = Release|Any CPU
		{F8E686AC-7652-44CE-A126-80A181ACD9D5}.Release|Any CPU.Build.0 = Release|Any CPU
		{C2E4B3A6-BFED-44AC-AD8B-27479FB47FCA}.Debug|Any CPU.ActiveCfg = Debug|Any CPU
		{C2E4B3A6-BFED-44AC-AD8B-27479FB47FCA}.Debug|Any CPU.Build.0 = Debug|Any CPU
		{C2E4B3A6-BFED-44AC-AD8B-27479FB47FCA}.Release|Any CPU.ActiveCfg = Release|Any CPU
		{C2E4B3A6-BFED-44AC-AD8B-27479FB47FCA}.Release|Any CPU.Build.0 = Release|Any CPU
		{CE4A15A9-4179-4046-A291-4F606EE12B9D}.Debug|Any CPU.ActiveCfg = Debug|Any CPU
		{CE4A15A9-4179-4046-A291-4F606EE12B9D}.Debug|Any CPU.Build.0 = Debug|Any CPU
		{CE4A15A9-4179-4046-A291-4F606EE12B9D}.Release|Any CPU.ActiveCfg = Release|Any CPU
		{CE4A15A9-4179-4046-A291-4F606EE12B9D}.Release|Any CPU.Build.0 = Release|Any CPU
		{9A0AFB0C-C825-4E20-BEC4-C2B92AA886B4}.Debug|Any CPU.ActiveCfg = Debug|Any CPU
		{9A0AFB0C-C825-4E20-BEC4-C2B92AA886B4}.Debug|Any CPU.Build.0 = Debug|Any CPU
		{9A0AFB0C-C825-4E20-BEC4-C2B92AA886B4}.Release|Any CPU.ActiveCfg = Release|Any CPU
		{9A0AFB0C-C825-4E20-BEC4-C2B92AA886B4}.Release|Any CPU.Build.0 = Release|Any CPU
		{E7CA15C4-4AEE-449D-ACD8-D0A6F47BE0CB}.Debug|Any CPU.ActiveCfg = Debug|Any CPU
		{E7CA15C4-4AEE-449D-ACD8-D0A6F47BE0CB}.Debug|Any CPU.Build.0 = Debug|Any CPU
		{E7CA15C4-4AEE-449D-ACD8-D0A6F47BE0CB}.Release|Any CPU.ActiveCfg = Release|Any CPU
		{E7CA15C4-4AEE-449D-ACD8-D0A6F47BE0CB}.Release|Any CPU.Build.0 = Release|Any CPU
	EndGlobalSection
	GlobalSection(SolutionProperties) = preSolution
		HideSolutionNode = FALSE
	EndGlobalSection
	GlobalSection(ExtensibilityGlobals) = postSolution
		SolutionGuid = {45F496B4-AEF1-458B-B527-481F60D4341A}
	EndGlobalSection
EndGlobal
